
Microsoft Visual Studio Solution File, Format Version 12.00
# Visual Studio 15
VisualStudioVersion = 15.0.28307.852
MinimumVisualStudioVersion = 10.0.40219.1
Project("{8BC9CEB8-8B4A-11D0-8D11-00A0C91BC942}") = "OpenGL", "OpenGL\OpenGL.vcxproj", "{D27EB30B-B805-4482-B867-FC95B5FB1B60}"
EndProject
Project("{8BC9CEB8-8B4A-11D0-8D11-00A0C91BC942}") = "ep_08_shaders", "ep_08_shaders\ep_08_shaders.vcxproj", "{7C70C9C7-1D83-4EEB-B323-7E4D994BEA28}"
EndProject
Project("{8BC9CEB8-8B4A-11D0-8D11-00A0C91BC942}") = "ep_09_index_buffers", "ep_09_index_buffers\ep_09_index_buffers.vcxproj", "{EA6BDF06-3986-45DA-8E8A-7DF4AF342EAA}"
EndProject
Project("{8BC9CEB8-8B4A-11D0-8D11-00A0C91BC942}") = "ep_10_error_handling", "ep_10_error_handling\ep_10_error_handling.vcxproj", "{1ECFE0DC-E161-438E-853B-8F365D3E26E6}"
EndProject
Project("{8BC9CEB8-8B4A-11D0-8D11-00A0C91BC942}") = "ep_11_uniforms", "ep_11_uniforms\ep_11_uniforms.vcxproj", "{B5488F9E-4939-416D-85F8-A47F6DBD5A99}"
EndProject
Project("{8BC9CEB8-8B4A-11D0-8D11-00A0C91BC942}") = "ep_12_vertex_arrays", "ep_12_vertex_arrays\ep_12_vertex_arrays.vcxproj", "{6DADDE8B-D528-4B51-9A33-0DB461B18752}"
EndProject
Project("{8BC9CEB8-8B4A-11D0-8D11-00A0C91BC942}") = "ep_13_opengl_abstraction", "ep_13_opengl_abstraction\ep_13_opengl_abstraction.vcxproj", "{0BB95A17-F982-43AD-9181-AF718EC79359}"
EndProject
Project("{8BC9CEB8-8B4A-11D0-8D11-00A0C91BC942}") = "ep_14_buffer_layout_abstraction", "ep_14_buffer_layout_abstraction\ep_14_buffer_layout_abstraction.vcxproj", "{2F6ABAD1-7269-4801-A6FC-495AE3BD4907}"
EndProject
Project("{8BC9CEB8-8B4A-11D0-8D11-00A0C91BC942}") = "ep_15_shader_abstraction", "ep_15_shader_abstraction\ep_15_shader_abstraction.vcxproj", "{C90A4436-A3C4-467C-AB15-66C813DB3647}"
EndProject
Project("{8BC9CEB8-8B4A-11D0-8D11-00A0C91BC942}") = "ep_16_renderer", "ep_16_renderer\ep_16_renderer.vcxproj", "{C8E3026C-3B71-4F69-A68A-7C60A767BEFA}"
EndProject
Project("{8BC9CEB8-8B4A-11D0-8D11-00A0C91BC942}") = "ep_17_textures", "ep_17_textures\ep_17_textures.vcxproj", "{EE9E782F-5FF3-44CD-9951-4910E9469A62}"
EndProject
Global
	GlobalSection(SolutionConfigurationPlatforms) = preSolution
		Debug|x64 = Debug|x64
		Debug|x86 = Debug|x86
		Release|x64 = Release|x64
		Release|x86 = Release|x86
	EndGlobalSection
	GlobalSection(ProjectConfigurationPlatforms) = postSolution
		{D27EB30B-B805-4482-B867-FC95B5FB1B60}.Debug|x64.ActiveCfg = Debug|x64
		{D27EB30B-B805-4482-B867-FC95B5FB1B60}.Debug|x64.Build.0 = Debug|x64
		{D27EB30B-B805-4482-B867-FC95B5FB1B60}.Debug|x86.ActiveCfg = Debug|Win32
		{D27EB30B-B805-4482-B867-FC95B5FB1B60}.Debug|x86.Build.0 = Debug|Win32
		{D27EB30B-B805-4482-B867-FC95B5FB1B60}.Release|x64.ActiveCfg = Release|x64
		{D27EB30B-B805-4482-B867-FC95B5FB1B60}.Release|x64.Build.0 = Release|x64
		{D27EB30B-B805-4482-B867-FC95B5FB1B60}.Release|x86.ActiveCfg = Release|Win32
		{D27EB30B-B805-4482-B867-FC95B5FB1B60}.Release|x86.Build.0 = Release|Win32
		{7C70C9C7-1D83-4EEB-B323-7E4D994BEA28}.Debug|x64.ActiveCfg = Debug|x64
		{7C70C9C7-1D83-4EEB-B323-7E4D994BEA28}.Debug|x64.Build.0 = Debug|x64
		{7C70C9C7-1D83-4EEB-B323-7E4D994BEA28}.Debug|x86.ActiveCfg = Debug|Win32
		{7C70C9C7-1D83-4EEB-B323-7E4D994BEA28}.Debug|x86.Build.0 = Debug|Win32
		{7C70C9C7-1D83-4EEB-B323-7E4D994BEA28}.Release|x64.ActiveCfg = Release|x64
		{7C70C9C7-1D83-4EEB-B323-7E4D994BEA28}.Release|x64.Build.0 = Release|x64
		{7C70C9C7-1D83-4EEB-B323-7E4D994BEA28}.Release|x86.ActiveCfg = Release|Win32
		{7C70C9C7-1D83-4EEB-B323-7E4D994BEA28}.Release|x86.Build.0 = Release|Win32
		{EA6BDF06-3986-45DA-8E8A-7DF4AF342EAA}.Debug|x64.ActiveCfg = Debug|x64
		{EA6BDF06-3986-45DA-8E8A-7DF4AF342EAA}.Debug|x64.Build.0 = Debug|x64
		{EA6BDF06-3986-45DA-8E8A-7DF4AF342EAA}.Debug|x86.ActiveCfg = Debug|Win32
		{EA6BDF06-3986-45DA-8E8A-7DF4AF342EAA}.Debug|x86.Build.0 = Debug|Win32
		{EA6BDF06-3986-45DA-8E8A-7DF4AF342EAA}.Release|x64.ActiveCfg = Release|x64
		{EA6BDF06-3986-45DA-8E8A-7DF4AF342EAA}.Release|x64.Build.0 = Release|x64
		{EA6BDF06-3986-45DA-8E8A-7DF4AF342EAA}.Release|x86.ActiveCfg = Release|Win32
		{EA6BDF06-3986-45DA-8E8A-7DF4AF342EAA}.Release|x86.Build.0 = Release|Win32
		{1ECFE0DC-E161-438E-853B-8F365D3E26E6}.Debug|x64.ActiveCfg = Debug|x64
		{1ECFE0DC-E161-438E-853B-8F365D3E26E6}.Debug|x64.Build.0 = Debug|x64
		{1ECFE0DC-E161-438E-853B-8F365D3E26E6}.Debug|x86.ActiveCfg = Debug|Win32
		{1ECFE0DC-E161-438E-853B-8F365D3E26E6}.Debug|x86.Build.0 = Debug|Win32
		{1ECFE0DC-E161-438E-853B-8F365D3E26E6}.Release|x64.ActiveCfg = Release|x64
		{1ECFE0DC-E161-438E-853B-8F365D3E26E6}.Release|x64.Build.0 = Release|x64
		{1ECFE0DC-E161-438E-853B-8F365D3E26E6}.Release|x86.ActiveCfg = Release|Win32
		{1ECFE0DC-E161-438E-853B-8F365D3E26E6}.Release|x86.Build.0 = Release|Win32
		{B5488F9E-4939-416D-85F8-A47F6DBD5A99}.Debug|x64.ActiveCfg = Debug|x64
		{B5488F9E-4939-416D-85F8-A47F6DBD5A99}.Debug|x64.Build.0 = Debug|x64
		{B5488F9E-4939-416D-85F8-A47F6DBD5A99}.Debug|x86.ActiveCfg = Debug|Win32
		{B5488F9E-4939-416D-85F8-A47F6DBD5A99}.Debug|x86.Build.0 = Debug|Win32
		{B5488F9E-4939-416D-85F8-A47F6DBD5A99}.Release|x64.ActiveCfg = Release|x64
		{B5488F9E-4939-416D-85F8-A47F6DBD5A99}.Release|x64.Build.0 = Release|x64
		{B5488F9E-4939-416D-85F8-A47F6DBD5A99}.Release|x86.ActiveCfg = Release|Win32
		{B5488F9E-4939-416D-85F8-A47F6DBD5A99}.Release|x86.Build.0 = Release|Win32
		{6DADDE8B-D528-4B51-9A33-0DB461B18752}.Debug|x64.ActiveCfg = Debug|x64
		{6DADDE8B-D528-4B51-9A33-0DB461B18752}.Debug|x64.Build.0 = Debug|x64
		{6DADDE8B-D528-4B51-9A33-0DB461B18752}.Debug|x86.ActiveCfg = Debug|Win32
		{6DADDE8B-D528-4B51-9A33-0DB461B18752}.Debug|x86.Build.0 = Debug|Win32
		{6DADDE8B-D528-4B51-9A33-0DB461B18752}.Release|x64.ActiveCfg = Release|x64
		{6DADDE8B-D528-4B51-9A33-0DB461B18752}.Release|x64.Build.0 = Release|x64
		{6DADDE8B-D528-4B51-9A33-0DB461B18752}.Release|x86.ActiveCfg = Release|Win32
		{6DADDE8B-D528-4B51-9A33-0DB461B18752}.Release|x86.Build.0 = Release|Win32
		{0BB95A17-F982-43AD-9181-AF718EC79359}.Debug|x64.ActiveCfg = Debug|x64
		{0BB95A17-F982-43AD-9181-AF718EC79359}.Debug|x64.Build.0 = Debug|x64
		{0BB95A17-F982-43AD-9181-AF718EC79359}.Debug|x86.ActiveCfg = Debug|Win32
		{0BB95A17-F982-43AD-9181-AF718EC79359}.Debug|x86.Build.0 = Debug|Win32
		{0BB95A17-F982-43AD-9181-AF718EC79359}.Release|x64.ActiveCfg = Release|x64
		{0BB95A17-F982-43AD-9181-AF718EC79359}.Release|x64.Build.0 = Release|x64
		{0BB95A17-F982-43AD-9181-AF718EC79359}.Release|x86.ActiveCfg = Release|Win32
		{0BB95A17-F982-43AD-9181-AF718EC79359}.Release|x86.Build.0 = Release|Win32
		{2F6ABAD1-7269-4801-A6FC-495AE3BD4907}.Debug|x64.ActiveCfg = Debug|x64
		{2F6ABAD1-7269-4801-A6FC-495AE3BD4907}.Debug|x64.Build.0 = Debug|x64
		{2F6ABAD1-7269-4801-A6FC-495AE3BD4907}.Debug|x86.ActiveCfg = Debug|Win32
		{2F6ABAD1-7269-4801-A6FC-495AE3BD4907}.Debug|x86.Build.0 = Debug|Win32
		{2F6ABAD1-7269-4801-A6FC-495AE3BD4907}.Release|x64.ActiveCfg = Release|x64
		{2F6ABAD1-7269-4801-A6FC-495AE3BD4907}.Release|x64.Build.0 = Release|x64
		{2F6ABAD1-7269-4801-A6FC-495AE3BD4907}.Release|x86.ActiveCfg = Release|Win32
		{2F6ABAD1-7269-4801-A6FC-495AE3BD4907}.Release|x86.Build.0 = Release|Win32
		{C90A4436-A3C4-467C-AB15-66C813DB3647}.Debug|x64.ActiveCfg = Debug|x64
		{C90A4436-A3C4-467C-AB15-66C813DB3647}.Debug|x64.Build.0 = Debug|x64
		{C90A4436-A3C4-467C-AB15-66C813DB3647}.Debug|x86.ActiveCfg = Debug|Win32
		{C90A4436-A3C4-467C-AB15-66C813DB3647}.Debug|x86.Build.0 = Debug|Win32
		{C90A4436-A3C4-467C-AB15-66C813DB3647}.Release|x64.ActiveCfg = Release|x64
		{C90A4436-A3C4-467C-AB15-66C813DB3647}.Release|x64.Build.0 = Release|x64
		{C90A4436-A3C4-467C-AB15-66C813DB3647}.Release|x86.ActiveCfg = Release|Win32
		{C90A4436-A3C4-467C-AB15-66C813DB3647}.Release|x86.Build.0 = Release|Win32
		{C8E3026C-3B71-4F69-A68A-7C60A767BEFA}.Debug|x64.ActiveCfg = Debug|x64
		{C8E3026C-3B71-4F69-A68A-7C60A767BEFA}.Debug|x64.Build.0 = Debug|x64
		{C8E3026C-3B71-4F69-A68A-7C60A767BEFA}.Debug|x86.ActiveCfg = Debug|Win32
		{C8E3026C-3B71-4F69-A68A-7C60A767BEFA}.Debug|x86.Build.0 = Debug|Win32
		{C8E3026C-3B71-4F69-A68A-7C60A767BEFA}.Release|x64.ActiveCfg = Release|x64
		{C8E3026C-3B71-4F69-A68A-7C60A767BEFA}.Release|x64.Build.0 = Release|x64
		{C8E3026C-3B71-4F69-A68A-7C60A767BEFA}.Release|x86.ActiveCfg = Release|Win32
		{C8E3026C-3B71-4F69-A68A-7C60A767BEFA}.Release|x86.Build.0 = Release|Win32
		{EE9E782F-5FF3-44CD-9951-4910E9469A62}.Debug|x64.ActiveCfg = Debug|x64
		{EE9E782F-5FF3-44CD-9951-4910E9469A62}.Debug|x64.Build.0 = Debug|x64
		{EE9E782F-5FF3-44CD-9951-4910E9469A62}.Debug|x86.ActiveCfg = Debug|Win32
		{EE9E782F-5FF3-44CD-9951-4910E9469A62}.Debug|x86.Build.0 = Debug|Win32
		{EE9E782F-5FF3-44CD-9951-4910E9469A62}.Release|x64.ActiveCfg = Release|x64
		{EE9E782F-5FF3-44CD-9951-4910E9469A62}.Release|x64.Build.0 = Release|x64
		{EE9E782F-5FF3-44CD-9951-4910E9469A62}.Release|x86.ActiveCfg = Release|Win32
		{EE9E782F-5FF3-44CD-9951-4910E9469A62}.Release|x86.Build.0 = Release|Win32
	EndGlobalSection
	GlobalSection(SolutionProperties) = preSolution
		HideSolutionNode = FALSE
	EndGlobalSection
	GlobalSection(ExtensibilityGlobals) = postSolution
		SolutionGuid = {E190852F-D293-4B2F-A439-17144199C724}
	EndGlobalSection
EndGlobal
